// !$*UTF8*$!
{
	archiveVersion = 1;
	classes = {
	};
	objectVersion = 48;
	objects = {

/* Begin PBXBuildFile section */
		2B164511F3AE0E8F580B0E2E /* Pods_social_app.framework in Frameworks */ = {isa = PBXBuildFile; fileRef = C7CD74D4766A14365A1BAF50 /* Pods_social_app.framework */; };
		8428788A1FCA05850090396C /* MeVC.swift in Sources */ = {isa = PBXBuildFile; fileRef = 842878891FCA05850090396C /* MeVC.swift */; };
		8428788C1FCA092E0090396C /* CreatePostVC.swift in Sources */ = {isa = PBXBuildFile; fileRef = 8428788B1FCA092E0090396C /* CreatePostVC.swift */; };
		842D6D131FC72C550088091E /* AuthVC.swift in Sources */ = {isa = PBXBuildFile; fileRef = 842D6D121FC72C550088091E /* AuthVC.swift */; };
		842D6D151FC72CF30088091E /* LoginVC.swift in Sources */ = {isa = PBXBuildFile; fileRef = 842D6D141FC72CF30088091E /* LoginVC.swift */; };
		842D6D171FC72D3F0088091E /* InsertTextField.swift in Sources */ = {isa = PBXBuildFile; fileRef = 842D6D161FC72D3F0088091E /* InsertTextField.swift */; };
		842D6D191FC7311C0088091E /* ShadowView.swift in Sources */ = {isa = PBXBuildFile; fileRef = 842D6D181FC7311C0088091E /* ShadowView.swift */; };
		842D6D1B1FC7324C0088091E /* AuthService.swift in Sources */ = {isa = PBXBuildFile; fileRef = 842D6D1A1FC7324C0088091E /* AuthService.swift */; };
		84333ED61FCDD30A0094C39C /* CreateGroupsVC.swift in Sources */ = {isa = PBXBuildFile; fileRef = 84333ED51FCDD30A0094C39C /* CreateGroupsVC.swift */; };
		84333ED81FCDD58B0094C39C /* UserCell.swift in Sources */ = {isa = PBXBuildFile; fileRef = 84333ED71FCDD58B0094C39C /* UserCell.swift */; };
		845801661F97C52E005323D0 /* GoogleService-Info.plist in Resources */ = {isa = PBXBuildFile; fileRef = 845801651F97C51D005323D0 /* GoogleService-Info.plist */; };
		845801681F97CE59005323D0 /* DataService.swift in Sources */ = {isa = PBXBuildFile; fileRef = 845801671F97CE59005323D0 /* DataService.swift */; };
		8466BB4E1F96877E0053D1E8 /* AppDelegate.swift in Sources */ = {isa = PBXBuildFile; fileRef = 8466BB4D1F96877E0053D1E8 /* AppDelegate.swift */; };
		8466BB501F96877E0053D1E8 /* FeedVC.swift in Sources */ = {isa = PBXBuildFile; fileRef = 8466BB4F1F96877E0053D1E8 /* FeedVC.swift */; };
		8466BB521F96877E0053D1E8 /* GroupVC.swift in Sources */ = {isa = PBXBuildFile; fileRef = 8466BB511F96877E0053D1E8 /* GroupVC.swift */; };
		8466BB551F96877E0053D1E8 /* Main.storyboard in Resources */ = {isa = PBXBuildFile; fileRef = 8466BB531F96877E0053D1E8 /* Main.storyboard */; };
		8466BB571F96877E0053D1E8 /* Assets.xcassets in Resources */ = {isa = PBXBuildFile; fileRef = 8466BB561F96877E0053D1E8 /* Assets.xcassets */; };
		8466BB5A1F96877E0053D1E8 /* LaunchScreen.storyboard in Resources */ = {isa = PBXBuildFile; fileRef = 8466BB581F96877E0053D1E8 /* LaunchScreen.storyboard */; };
		84CBF67C1FCB0CDC0074A99D /* UIViewExt.swift in Sources */ = {isa = PBXBuildFile; fileRef = 84CBF67B1FCB0CDC0074A99D /* UIViewExt.swift */; };
		84F352E71FCC614100BBB1EA /* Message.swift in Sources */ = {isa = PBXBuildFile; fileRef = 84F352E61FCC614100BBB1EA /* Message.swift */; };
		84F352E91FCC682C00BBB1EA /* FeedCell.swift in Sources */ = {isa = PBXBuildFile; fileRef = 84F352E81FCC682C00BBB1EA /* FeedCell.swift */; };
/* End PBXBuildFile section */

/* Begin PBXFileReference section */
		2A395746EC8B3317A98BB1E5 /* Pods-social-app.debug.xcconfig */ = {isa = PBXFileReference; includeInIndex = 1; lastKnownFileType = text.xcconfig; name = "Pods-social-app.debug.xcconfig"; path = "Pods/Target Support Files/Pods-social-app/Pods-social-app.debug.xcconfig"; sourceTree = "<group>"; };
		356030220C7DE51F4AD099DA /* Pods-social-app.release.xcconfig */ = {isa = PBXFileReference; includeInIndex = 1; lastKnownFileType = text.xcconfig; name = "Pods-social-app.release.xcconfig"; path = "Pods/Target Support Files/Pods-social-app/Pods-social-app.release.xcconfig"; sourceTree = "<group>"; };
		842878891FCA05850090396C /* MeVC.swift */ = {isa = PBXFileReference; lastKnownFileType = sourcecode.swift; path = MeVC.swift; sourceTree = "<group>"; };
		8428788B1FCA092E0090396C /* CreatePostVC.swift */ = {isa = PBXFileReference; lastKnownFileType = sourcecode.swift; path = CreatePostVC.swift; sourceTree = "<group>"; };
		842D6D121FC72C550088091E /* AuthVC.swift */ = {isa = PBXFileReference; lastKnownFileType = sourcecode.swift; path = AuthVC.swift; sourceTree = "<group>"; };
		842D6D141FC72CF30088091E /* LoginVC.swift */ = {isa = PBXFileReference; lastKnownFileType = sourcecode.swift; path = LoginVC.swift; sourceTree = "<group>"; };
		842D6D161FC72D3F0088091E /* InsertTextField.swift */ = {isa = PBXFileReference; lastKnownFileType = sourcecode.swift; path = InsertTextField.swift; sourceTree = "<group>"; };
		842D6D181FC7311C0088091E /* ShadowView.swift */ = {isa = PBXFileReference; lastKnownFileType = sourcecode.swift; path = ShadowView.swift; sourceTree = "<group>"; };
		842D6D1A1FC7324C0088091E /* AuthService.swift */ = {isa = PBXFileReference; lastKnownFileType = sourcecode.swift; path = AuthService.swift; sourceTree = "<group>"; };
		84333ED51FCDD30A0094C39C /* CreateGroupsVC.swift */ = {isa = PBXFileReference; lastKnownFileType = sourcecode.swift; path = CreateGroupsVC.swift; sourceTree = "<group>"; };
		84333ED71FCDD58B0094C39C /* UserCell.swift */ = {isa = PBXFileReference; lastKnownFileType = sourcecode.swift; path = UserCell.swift; sourceTree = "<group>"; };
		845801651F97C51D005323D0 /* GoogleService-Info.plist */ = {isa = PBXFileReference; lastKnownFileType = text.plist.xml; path = "GoogleService-Info.plist"; sourceTree = "<group>"; };
		845801671F97CE59005323D0 /* DataService.swift */ = {isa = PBXFileReference; lastKnownFileType = sourcecode.swift; path = DataService.swift; sourceTree = "<group>"; };
		8466BB4A1F96877D0053D1E8 /* social-app.app */ = {isa = PBXFileReference; explicitFileType = wrapper.application; includeInIndex = 0; path = "social-app.app"; sourceTree = BUILT_PRODUCTS_DIR; };
		8466BB4D1F96877E0053D1E8 /* AppDelegate.swift */ = {isa = PBXFileReference; lastKnownFileType = sourcecode.swift; path = AppDelegate.swift; sourceTree = "<group>"; };
		8466BB4F1F96877E0053D1E8 /* FeedVC.swift */ = {isa = PBXFileReference; lastKnownFileType = sourcecode.swift; path = FeedVC.swift; sourceTree = "<group>"; };
		8466BB511F96877E0053D1E8 /* GroupVC.swift */ = {isa = PBXFileReference; lastKnownFileType = sourcecode.swift; path = GroupVC.swift; sourceTree = "<group>"; };
		8466BB541F96877E0053D1E8 /* Base */ = {isa = PBXFileReference; lastKnownFileType = file.storyboard; name = Base; path = Base.lproj/Main.storyboard; sourceTree = "<group>"; };
		8466BB561F96877E0053D1E8 /* Assets.xcassets */ = {isa = PBXFileReference; lastKnownFileType = folder.assetcatalog; path = Assets.xcassets; sourceTree = "<group>"; };
		8466BB591F96877E0053D1E8 /* Base */ = {isa = PBXFileReference; lastKnownFileType = file.storyboard; name = Base; path = Base.lproj/LaunchScreen.storyboard; sourceTree = "<group>"; };
		8466BB5B1F96877E0053D1E8 /* Info.plist */ = {isa = PBXFileReference; lastKnownFileType = text.plist.xml; path = Info.plist; sourceTree = "<group>"; };
		84CBF67B1FCB0CDC0074A99D /* UIViewExt.swift */ = {isa = PBXFileReference; lastKnownFileType = sourcecode.swift; path = UIViewExt.swift; sourceTree = "<group>"; };
		84F352E61FCC614100BBB1EA /* Message.swift */ = {isa = PBXFileReference; lastKnownFileType = sourcecode.swift; path = Message.swift; sourceTree = "<group>"; };
		84F352E81FCC682C00BBB1EA /* FeedCell.swift */ = {isa = PBXFileReference; lastKnownFileType = sourcecode.swift; path = FeedCell.swift; sourceTree = "<group>"; };
		C7CD74D4766A14365A1BAF50 /* Pods_social_app.framework */ = {isa = PBXFileReference; explicitFileType = wrapper.framework; includeInIndex = 0; path = Pods_social_app.framework; sourceTree = BUILT_PRODUCTS_DIR; };
/* End PBXFileReference section */

/* Begin PBXFrameworksBuildPhase section */
		8466BB471F96877D0053D1E8 /* Frameworks */ = {
			isa = PBXFrameworksBuildPhase;
			buildActionMask = 2147483647;
			files = (
				2B164511F3AE0E8F580B0E2E /* Pods_social_app.framework in Frameworks */,
			);
			runOnlyForDeploymentPostprocessing = 0;
		};
/* End PBXFrameworksBuildPhase section */

/* Begin PBXGroup section */
		25CA9BE2F93399710FF29E68 /* Frameworks */ = {
			isa = PBXGroup;
			children = (
				C7CD74D4766A14365A1BAF50 /* Pods_social_app.framework */,
			);
			name = Frameworks;
			sourceTree = "<group>";
		};
		73A6254BC5925D5F779C6021 /* Pods */ = {
			isa = PBXGroup;
			children = (
				2A395746EC8B3317A98BB1E5 /* Pods-social-app.debug.xcconfig */,
				356030220C7DE51F4AD099DA /* Pods-social-app.release.xcconfig */,
			);
			name = Pods;
			sourceTree = "<group>";
		};
		840163411F96890F0009C4BD /* Controller */ = {
			isa = PBXGroup;
			children = (
				8466BB4F1F96877E0053D1E8 /* FeedVC.swift */,
				8466BB511F96877E0053D1E8 /* GroupVC.swift */,
				842D6D141FC72CF30088091E /* LoginVC.swift */,
				842D6D121FC72C550088091E /* AuthVC.swift */,
				842878891FCA05850090396C /* MeVC.swift */,
				8428788B1FCA092E0090396C /* CreatePostVC.swift */,
				84333ED51FCDD30A0094C39C /* CreateGroupsVC.swift */,
			);
			path = Controller;
			sourceTree = "<group>";
		};
		840163421F9689230009C4BD /* View */ = {
			isa = PBXGroup;
			children = (
				842D6D161FC72D3F0088091E /* InsertTextField.swift */,
				842D6D181FC7311C0088091E /* ShadowView.swift */,
				84F352E81FCC682C00BBB1EA /* FeedCell.swift */,
				84333ED71FCDD58B0094C39C /* UserCell.swift */,
			);
			path = View;
			sourceTree = "<group>";
		};
		840163431F96892A0009C4BD /* Model */ = {
			isa = PBXGroup;
			children = (
				84F352E61FCC614100BBB1EA /* Message.swift */,
			);
			path = Model;
			sourceTree = "<group>";
		};
		840163441F9689410009C4BD /* Extensions */ = {
			isa = PBXGroup;
			children = (
				84CBF67B1FCB0CDC0074A99D /* UIViewExt.swift */,
			);
			path = Extensions;
			sourceTree = "<group>";
		};
		840163451F96896A0009C4BD /* Services */ = {
			isa = PBXGroup;
			children = (
				845801671F97CE59005323D0 /* DataService.swift */,
				842D6D1A1FC7324C0088091E /* AuthService.swift */,
			);
			path = Services;
			sourceTree = "<group>";
		};
		8466BB411F96877D0053D1E8 = {
			isa = PBXGroup;
			children = (
				8466BB4C1F96877D0053D1E8 /* social-app */,
				8466BB4B1F96877D0053D1E8 /* Products */,
				73A6254BC5925D5F779C6021 /* Pods */,
				25CA9BE2F93399710FF29E68 /* Frameworks */,
			);
			sourceTree = "<group>";
		};
		8466BB4B1F96877D0053D1E8 /* Products */ = {
			isa = PBXGroup;
			children = (
				8466BB4A1F96877D0053D1E8 /* social-app.app */,
			);
			name = Products;
			sourceTree = "<group>";
		};
		8466BB4C1F96877D0053D1E8 /* social-app */ = {
			isa = PBXGroup;
			children = (
				840163451F96896A0009C4BD /* Services */,
				840163441F9689410009C4BD /* Extensions */,
				840163431F96892A0009C4BD /* Model */,
				840163421F9689230009C4BD /* View */,
				840163411F96890F0009C4BD /* Controller */,
				8466BB4D1F96877E0053D1E8 /* AppDelegate.swift */,
				8466BB531F96877E0053D1E8 /* Main.storyboard */,
				8466BB561F96877E0053D1E8 /* Assets.xcassets */,
				8466BB581F96877E0053D1E8 /* LaunchScreen.storyboard */,
				8466BB5B1F96877E0053D1E8 /* Info.plist */,
				845801651F97C51D005323D0 /* GoogleService-Info.plist */,
			);
			path = "social-app";
			sourceTree = "<group>";
		};
/* End PBXGroup section */

/* Begin PBXNativeTarget section */
		8466BB491F96877D0053D1E8 /* social-app */ = {
			isa = PBXNativeTarget;
			buildConfigurationList = 8466BB5E1F96877E0053D1E8 /* Build configuration list for PBXNativeTarget "social-app" */;
			buildPhases = (
				E78CBDACB5D760BD32415F04 /* [CP] Check Pods Manifest.lock */,
				8466BB461F96877D0053D1E8 /* Sources */,
				8466BB471F96877D0053D1E8 /* Frameworks */,
				8466BB481F96877D0053D1E8 /* Resources */,
				1DABCC388ACF3358800E6B68 /* [CP] Embed Pods Frameworks */,
				2E77AAA8356044C56A1DBEB5 /* [CP] Copy Pods Resources */,
			);
			buildRules = (
			);
			dependencies = (
			);
			name = "social-app";
			productName = "social-app";
			productReference = 8466BB4A1F96877D0053D1E8 /* social-app.app */;
			productType = "com.apple.product-type.application";
		};
/* End PBXNativeTarget section */

/* Begin PBXProject section */
		8466BB421F96877D0053D1E8 /* Project object */ = {
			isa = PBXProject;
			attributes = {
				LastSwiftUpdateCheck = 0900;
				LastUpgradeCheck = 0900;
				ORGANIZATIONNAME = metasemenov;
				TargetAttributes = {
					8466BB491F96877D0053D1E8 = {
						CreatedOnToolsVersion = 9.0;
						ProvisioningStyle = Automatic;
					};
				};
			};
			buildConfigurationList = 8466BB451F96877D0053D1E8 /* Build configuration list for PBXProject "social-app" */;
			compatibilityVersion = "Xcode 8.0";
			developmentRegion = en;
			hasScannedForEncodings = 0;
			knownRegions = (
				en,
				Base,
			);
			mainGroup = 8466BB411F96877D0053D1E8;
			productRefGroup = 8466BB4B1F96877D0053D1E8 /* Products */;
			projectDirPath = "";
			projectRoot = "";
			targets = (
				8466BB491F96877D0053D1E8 /* social-app */,
			);
		};
/* End PBXProject section */

/* Begin PBXResourcesBuildPhase section */
		8466BB481F96877D0053D1E8 /* Resources */ = {
			isa = PBXResourcesBuildPhase;
			buildActionMask = 2147483647;
			files = (
				8466BB5A1F96877E0053D1E8 /* LaunchScreen.storyboard in Resources */,
				845801661F97C52E005323D0 /* GoogleService-Info.plist in Resources */,
				8466BB571F96877E0053D1E8 /* Assets.xcassets in Resources */,
				8466BB551F96877E0053D1E8 /* Main.storyboard in Resources */,
			);
			runOnlyForDeploymentPostprocessing = 0;
		};
/* End PBXResourcesBuildPhase section */

/* Begin PBXShellScriptBuildPhase section */
		1DABCC388ACF3358800E6B68 /* [CP] Embed Pods Frameworks */ = {
			isa = PBXShellScriptBuildPhase;
			buildActionMask = 2147483647;
			files = (
			);
			inputPaths = (
				"${SRCROOT}/Pods/Target Support Files/Pods-social-app/Pods-social-app-frameworks.sh",
				"${BUILT_PRODUCTS_DIR}/GTMSessionFetcher/GTMSessionFetcher.framework",
				"${BUILT_PRODUCTS_DIR}/GoogleToolboxForMac/GoogleToolboxForMac.framework",
				"${BUILT_PRODUCTS_DIR}/leveldb-library/leveldb.framework",
				"${BUILT_PRODUCTS_DIR}/nanopb/nanopb.framework",
			);
			name = "[CP] Embed Pods Frameworks";
			outputPaths = (
				"${TARGET_BUILD_DIR}/${FRAMEWORKS_FOLDER_PATH}/GTMSessionFetcher.framework",
				"${TARGET_BUILD_DIR}/${FRAMEWORKS_FOLDER_PATH}/GoogleToolboxForMac.framework",
				"${TARGET_BUILD_DIR}/${FRAMEWORKS_FOLDER_PATH}/leveldb.framework",
				"${TARGET_BUILD_DIR}/${FRAMEWORKS_FOLDER_PATH}/nanopb.framework",
			);
			runOnlyForDeploymentPostprocessing = 0;
			shellPath = /bin/sh;
			shellScript = "\"${SRCROOT}/Pods/Target Support Files/Pods-social-app/Pods-social-app-frameworks.sh\"\n";
			showEnvVarsInLog = 0;
		};
		2E77AAA8356044C56A1DBEB5 /* [CP] Copy Pods Resources */ = {
			isa = PBXShellScriptBuildPhase;
			buildActionMask = 2147483647;
			files = (
			);
			inputPaths = (
			);
			name = "[CP] Copy Pods Resources";
			outputPaths = (
			);
			runOnlyForDeploymentPostprocessing = 0;
			shellPath = /bin/sh;
			shellScript = "\"${SRCROOT}/Pods/Target Support Files/Pods-social-app/Pods-social-app-resources.sh\"\n";
			showEnvVarsInLog = 0;
		};
		E78CBDACB5D760BD32415F04 /* [CP] Check Pods Manifest.lock */ = {
			isa = PBXShellScriptBuildPhase;
			buildActionMask = 2147483647;
			files = (
			);
			inputPaths = (
				"${PODS_PODFILE_DIR_PATH}/Podfile.lock",
				"${PODS_ROOT}/Manifest.lock",
			);
			name = "[CP] Check Pods Manifest.lock";
			outputPaths = (
				"$(DERIVED_FILE_DIR)/Pods-social-app-checkManifestLockResult.txt",
			);
			runOnlyForDeploymentPostprocessing = 0;
			shellPath = /bin/sh;
			shellScript = "diff \"${PODS_PODFILE_DIR_PATH}/Podfile.lock\" \"${PODS_ROOT}/Manifest.lock\" > /dev/null\nif [ $? != 0 ] ; then\n    # print error to STDERR\n    echo \"error: The sandbox is not in sync with the Podfile.lock. Run 'pod install' or update your CocoaPods installation.\" >&2\n    exit 1\nfi\n# This output is used by Xcode 'outputs' to avoid re-running this script phase.\necho \"SUCCESS\" > \"${SCRIPT_OUTPUT_FILE_0}\"\n";
			showEnvVarsInLog = 0;
		};
/* End PBXShellScriptBuildPhase section */

/* Begin PBXSourcesBuildPhase section */
		8466BB461F96877D0053D1E8 /* Sources */ = {
			isa = PBXSourcesBuildPhase;
			buildActionMask = 2147483647;
			files = (
				84CBF67C1FCB0CDC0074A99D /* UIViewExt.swift in Sources */,
				8428788A1FCA05850090396C /* MeVC.swift in Sources */,
				842D6D171FC72D3F0088091E /* InsertTextField.swift in Sources */,
				842D6D131FC72C550088091E /* AuthVC.swift in Sources */,
				8466BB521F96877E0053D1E8 /* GroupVC.swift in Sources */,
				842D6D1B1FC7324C0088091E /* AuthService.swift in Sources */,
				842D6D151FC72CF30088091E /* LoginVC.swift in Sources */,
				84333ED61FCDD30A0094C39C /* CreateGroupsVC.swift in Sources */,
				84333ED81FCDD58B0094C39C /* UserCell.swift in Sources */,
				84F352E91FCC682C00BBB1EA /* FeedCell.swift in Sources */,
				842D6D191FC7311C0088091E /* ShadowView.swift in Sources */,
				8428788C1FCA092E0090396C /* CreatePostVC.swift in Sources */,
				84F352E71FCC614100BBB1EA /* Message.swift in Sources */,
				8466BB4E1F96877E0053D1E8 /* AppDelegate.swift in Sources */,
				8466BB501F96877E0053D1E8 /* FeedVC.swift in Sources */,
				845801681F97CE59005323D0 /* DataService.swift in Sources */,
			);
			runOnlyForDeploymentPostprocessing = 0;
		};
/* End PBXSourcesBuildPhase section */

/* Begin PBXVariantGroup section */
		8466BB531F96877E0053D1E8 /* Main.storyboard */ = {
			isa = PBXVariantGroup;
			children = (
				8466BB541F96877E0053D1E8 /* Base */,
			);
			name = Main.storyboard;
			sourceTree = "<group>";
		};
		8466BB581F96877E0053D1E8 /* LaunchScreen.storyboard */ = {
			isa = PBXVariantGroup;
			children = (
				8466BB591F96877E0053D1E8 /* Base */,
			);
			name = LaunchScreen.storyboard;
			sourceTree = "<group>";
		};
/* End PBXVariantGroup section */

/* Begin XCBuildConfiguration section */
		8466BB5C1F96877E0053D1E8 /* Debug */ = {
			isa = XCBuildConfiguration;
			buildSettings = {
				ALWAYS_SEARCH_USER_PATHS = NO;
				CLANG_ANALYZER_NONNULL = YES;
				CLANG_ANALYZER_NUMBER_OBJECT_CONVERSION = YES_AGGRESSIVE;
				CLANG_CXX_LANGUAGE_STANDARD = "gnu++14";
				CLANG_CXX_LIBRARY = "libc++";
				CLANG_ENABLE_MODULES = YES;
				CLANG_ENABLE_OBJC_ARC = YES;
				CLANG_WARN_BLOCK_CAPTURE_AUTORELEASING = YES;
				CLANG_WARN_BOOL_CONVERSION = YES;
				CLANG_WARN_COMMA = YES;
				CLANG_WARN_CONSTANT_CONVERSION = YES;
				CLANG_WARN_DIRECT_OBJC_ISA_USAGE = YES_ERROR;
				CLANG_WARN_DOCUMENTATION_COMMENTS = YES;
				CLANG_WARN_EMPTY_BODY = YES;
				CLANG_WARN_ENUM_CONVERSION = YES;
				CLANG_WARN_INFINITE_RECURSION = YES;
				CLANG_WARN_INT_CONVERSION = YES;
				CLANG_WARN_NON_LITERAL_NULL_CONVERSION = YES;
				CLANG_WARN_OBJC_LITERAL_CONVERSION = YES;
				CLANG_WARN_OBJC_ROOT_CLASS = YES_ERROR;
				CLANG_WARN_RANGE_LOOP_ANALYSIS = YES;
				CLANG_WARN_STRICT_PROTOTYPES = YES;
				CLANG_WARN_SUSPICIOUS_MOVE = YES;
				CLANG_WARN_UNGUARDED_AVAILABILITY = YES_AGGRESSIVE;
				CLANG_WARN_UNREACHABLE_CODE = YES;
				CLANG_WARN__DUPLICATE_METHOD_MATCH = YES;
				CODE_SIGN_IDENTITY = "iPhone Developer";
				COPY_PHASE_STRIP = NO;
				DEBUG_INFORMATION_FORMAT = dwarf;
				ENABLE_STRICT_OBJC_MSGSEND = YES;
				ENABLE_TESTABILITY = YES;
				GCC_C_LANGUAGE_STANDARD = gnu11;
				GCC_DYNAMIC_NO_PIC = NO;
				GCC_NO_COMMON_BLOCKS = YES;
				GCC_OPTIMIZATION_LEVEL = 0;
				GCC_PREPROCESSOR_DEFINITIONS = (
					"DEBUG=1",
					"$(inherited)",
				);
				GCC_WARN_64_TO_32_BIT_CONVERSION = YES;
				GCC_WARN_ABOUT_RETURN_TYPE = YES_ERROR;
				GCC_WARN_UNDECLARED_SELECTOR = YES;
				GCC_WARN_UNINITIALIZED_AUTOS = YES_AGGRESSIVE;
				GCC_WARN_UNUSED_FUNCTION = YES;
				GCC_WARN_UNUSED_VARIABLE = YES;
				IPHONEOS_DEPLOYMENT_TARGET = 11.0;
				MTL_ENABLE_DEBUG_INFO = YES;
				ONLY_ACTIVE_ARCH = YES;
				SDKROOT = iphoneos;
				SWIFT_ACTIVE_COMPILATION_CONDITIONS = DEBUG;
				SWIFT_OPTIMIZATION_LEVEL = "-Onone";
			};
			name = Debug;
		};
		8466BB5D1F96877E0053D1E8 /* Release */ = {
			isa = XCBuildConfiguration;
			buildSettings = {
				ALWAYS_SEARCH_USER_PATHS = NO;
				CLANG_ANALYZER_NONNULL = YES;
				CLANG_ANALYZER_NUMBER_OBJECT_CONVERSION = YES_AGGRESSIVE;
				CLANG_CXX_LANGUAGE_STANDARD = "gnu++14";
				CLANG_CXX_LIBRARY = "libc++";
				CLANG_ENABLE_MODULES = YES;
				CLANG_ENABLE_OBJC_ARC = YES;
				CLANG_WARN_BLOCK_CAPTURE_AUTORELEASING = YES;
				CLANG_WARN_BOOL_CONVERSION = YES;
				CLANG_WARN_COMMA = YES;
				CLANG_WARN_CONSTANT_CONVERSION = YES;
				CLANG_WARN_DIRECT_OBJC_ISA_USAGE = YES_ERROR;
				CLANG_WARN_DOCUMENTATION_COMMENTS = YES;
				CLANG_WARN_EMPTY_BODY = YES;
				CLANG_WARN_ENUM_CONVERSION = YES;
				CLANG_WARN_INFINITE_RECURSION = YES;
				CLANG_WARN_INT_CONVERSION = YES;
				CLANG_WARN_NON_LITERAL_NULL_CONVERSION = YES;
				CLANG_WARN_OBJC_LITERAL_CONVERSION = YES;
				CLANG_WARN_OBJC_ROOT_CLASS = YES_ERROR;
				CLANG_WARN_RANGE_LOOP_ANALYSIS = YES;
				CLANG_WARN_STRICT_PROTOTYPES = YES;
				CLANG_WARN_SUSPICIOUS_MOVE = YES;
				CLANG_WARN_UNGUARDED_AVAILABILITY = YES_AGGRESSIVE;
				CLANG_WARN_UNREACHABLE_CODE = YES;
				CLANG_WARN__DUPLICATE_METHOD_MATCH = YES;
				CODE_SIGN_IDENTITY = "iPhone Developer";
				COPY_PHASE_STRIP = NO;
				DEBUG_INFORMATION_FORMAT = "dwarf-with-dsym";
				ENABLE_NS_ASSERTIONS = NO;
				ENABLE_STRICT_OBJC_MSGSEND = YES;
				GCC_C_LANGUAGE_STANDARD = gnu11;
				GCC_NO_COMMON_BLOCKS = YES;
				GCC_WARN_64_TO_32_BIT_CONVERSION = YES;
				GCC_WARN_ABOUT_RETURN_TYPE = YES_ERROR;
				GCC_WARN_UNDECLARED_SELECTOR = YES;
				GCC_WARN_UNINITIALIZED_AUTOS = YES_AGGRESSIVE;
				GCC_WARN_UNUSED_FUNCTION = YES;
				GCC_WARN_UNUSED_VARIABLE = YES;
				IPHONEOS_DEPLOYMENT_TARGET = 11.0;
				MTL_ENABLE_DEBUG_INFO = NO;
				SDKROOT = iphoneos;
				SWIFT_OPTIMIZATION_LEVEL = "-Owholemodule";
				VALIDATE_PRODUCT = YES;
			};
			name = Release;
		};
		8466BB5F1F96877E0053D1E8 /* Debug */ = {
			isa = XCBuildConfiguration;
			baseConfigurationReference = 2A395746EC8B3317A98BB1E5 /* Pods-social-app.debug.xcconfig */;
			buildSettings = {
				ASSETCATALOG_COMPILER_APPICON_NAME = AppIcon;
				CODE_SIGN_STYLE = Automatic;
				DEVELOPMENT_TEAM = 38892934ZN;
				INFOPLIST_FILE = "social-app/Info.plist";
				LD_RUNPATH_SEARCH_PATHS = "$(inherited) @executable_path/Frameworks";
				PRODUCT_BUNDLE_IDENTIFIER = "metasemenov.social-app";
				PRODUCT_NAME = "$(TARGET_NAME)";
				SWIFT_VERSION = 4.0;
				TARGETED_DEVICE_FAMILY = "1,2";
			};
			name = Debug;
		};
		8466BB601F96877E0053D1E8 /* Release */ = {
			isa = XCBuildConfiguration;
			baseConfigurationReference = 356030220C7DE51F4AD099DA /* Pods-social-app.release.xcconfig */;
			buildSettings = {
				ASSETCATALOG_COMPILER_APPICON_NAME = AppIcon;
				CODE_SIGN_STYLE = Automatic;
				DEVELOPMENT_TEAM = 38892934ZN;
				INFOPLIST_FILE = "social-app/Info.plist";
				LD_RUNPATH_SEARCH_PATHS = "$(inherited) @executable_path/Frameworks";
				PRODUCT_BUNDLE_IDENTIFIER = "metasemenov.social-app";
				PRODUCT_NAME = "$(TARGET_NAME)";
				SWIFT_VERSION = 4.0;
				TARGETED_DEVICE_FAMILY = "1,2";
			};
			name = Release;
		};
/* End XCBuildConfiguration section */

/* Begin XCConfigurationList section */
		8466BB451F96877D0053D1E8 /* Build configuration list for PBXProject "social-app" */ = {
			isa = XCConfigurationList;
			buildConfigurations = (
				8466BB5C1F96877E0053D1E8 /* Debug */,
				8466BB5D1F96877E0053D1E8 /* Release */,
			);
			defaultConfigurationIsVisible = 0;
			defaultConfigurationName = Release;
		};
		8466BB5E1F96877E0053D1E8 /* Build configuration list for PBXNativeTarget "social-app" */ = {
			isa = XCConfigurationList;
			buildConfigurations = (
				8466BB5F1F96877E0053D1E8 /* Debug */,
				8466BB601F96877E0053D1E8 /* Release */,
			);
			defaultConfigurationIsVisible = 0;
			defaultConfigurationName = Release;
		};
/* End XCConfigurationList section */
	};
	rootObject = 8466BB421F96877D0053D1E8 /* Project object */;
}
